// !$*UTF8*$!
{
	archiveVersion = 1;
	classes = {
	};
	objectVersion = 46;
	objects = {

/* Begin PBXBuildFile section */
		2E4FBDCF1BD47EF7005B706B /* Stats.cpp in Sources */ = {isa = PBXBuildFile; fileRef = 2E4FBDCD1BD47EF7005B706B /* Stats.cpp */; settings = {ASSET_TAGS = (); }; };
		2E4FBDD21BD4D37B005B706B /* bonusStat.cpp in Sources */ = {isa = PBXBuildFile; fileRef = 2E4FBDD01BD4D37B005B706B /* bonusStat.cpp */; settings = {ASSET_TAGS = (); }; };
		2E6EF7011BC1F7E30052BA4C /* main.cpp in Sources */ = {isa = PBXBuildFile; fileRef = 2E6EF7001BC1F7E30052BA4C /* main.cpp */; };
		2E6EF7091BC202B50052BA4C /* Bonus.cpp in Sources */ = {isa = PBXBuildFile; fileRef = 2E6EF7071BC202B50052BA4C /* Bonus.cpp */; settings = {ASSET_TAGS = (); }; };
		2E6EF70C1BC22A9E0052BA4C /* Question.cpp in Sources */ = {isa = PBXBuildFile; fileRef = 2E6EF70A1BC22A9E0052BA4C /* Question.cpp */; settings = {ASSET_TAGS = (); }; };
		2E9EC1F01BC768C9002AD2D8 /* Global_Functions.cpp in Sources */ = {isa = PBXBuildFile; fileRef = 2E9EC1EE1BC768C9002AD2D8 /* Global_Functions.cpp */; settings = {ASSET_TAGS = (); }; };
/* End PBXBuildFile section */

/* Begin PBXCopyFilesBuildPhase section */
		2E6EF6FB1BC1F7E30052BA4C /* CopyFiles */ = {
			isa = PBXCopyFilesBuildPhase;
			buildActionMask = 2147483647;
			dstPath = /usr/share/man/man1/;
			dstSubfolderSpec = 0;
			files = (
			);
			runOnlyForDeploymentPostprocessing = 1;
		};
/* End PBXCopyFilesBuildPhase section */

/* Begin PBXFileReference section */
		2E4FBDCD1BD47EF7005B706B /* Stats.cpp */ = {isa = PBXFileReference; fileEncoding = 4; lastKnownFileType = sourcecode.cpp.cpp; path = Stats.cpp; sourceTree = "<group>"; };
		2E4FBDCE1BD47EF7005B706B /* Stats.hpp */ = {isa = PBXFileReference; fileEncoding = 4; lastKnownFileType = sourcecode.cpp.h; path = Stats.hpp; sourceTree = "<group>"; };
		2E4FBDD01BD4D37B005B706B /* bonusStat.cpp */ = {isa = PBXFileReference; fileEncoding = 4; lastKnownFileType = sourcecode.cpp.cpp; path = bonusStat.cpp; sourceTree = "<group>"; };
		2E4FBDD11BD4D37B005B706B /* bonusStat.hpp */ = {isa = PBXFileReference; fileEncoding = 4; lastKnownFileType = sourcecode.cpp.h; path = bonusStat.hpp; sourceTree = "<group>"; };
		2E6EF6FD1BC1F7E30052BA4C /* Baccarat Math */ = {isa = PBXFileReference; explicitFileType = "compiled.mach-o.executable"; includeInIndex = 0; path = "Baccarat Math"; sourceTree = BUILT_PRODUCTS_DIR; };
		2E6EF7001BC1F7E30052BA4C /* main.cpp */ = {isa = PBXFileReference; lastKnownFileType = sourcecode.cpp.cpp; path = main.cpp; sourceTree = "<group>"; };
		2E6EF7071BC202B50052BA4C /* Bonus.cpp */ = {isa = PBXFileReference; fileEncoding = 4; lastKnownFileType = sourcecode.cpp.cpp; path = Bonus.cpp; sourceTree = "<group>"; };
		2E6EF7081BC202B50052BA4C /* Bonus.hpp */ = {isa = PBXFileReference; fileEncoding = 4; lastKnownFileType = sourcecode.cpp.h; path = Bonus.hpp; sourceTree = "<group>"; };
		2E6EF70A1BC22A9E0052BA4C /* Question.cpp */ = {isa = PBXFileReference; fileEncoding = 4; lastKnownFileType = sourcecode.cpp.cpp; path = Question.cpp; sourceTree = "<group>"; };
		2E6EF70B1BC22A9E0052BA4C /* Question.hpp */ = {isa = PBXFileReference; fileEncoding = 4; lastKnownFileType = sourcecode.cpp.h; path = Question.hpp; sourceTree = "<group>"; };
		2E9EC1EE1BC768C9002AD2D8 /* Global_Functions.cpp */ = {isa = PBXFileReference; fileEncoding = 4; lastKnownFileType = sourcecode.cpp.cpp; path = Global_Functions.cpp; sourceTree = "<group>"; };
		2E9EC1EF1BC768C9002AD2D8 /* Global_Functions.hpp */ = {isa = PBXFileReference; fileEncoding = 4; lastKnownFileType = sourcecode.cpp.h; path = Global_Functions.hpp; sourceTree = "<group>"; };
/* End PBXFileReference section */

/* Begin PBXFrameworksBuildPhase section */
		2E6EF6FA1BC1F7E30052BA4C /* Frameworks */ = {
			isa = PBXFrameworksBuildPhase;
			buildActionMask = 2147483647;
			files = (
			);
			runOnlyForDeploymentPostprocessing = 0;
		};
/* End PBXFrameworksBuildPhase section */

/* Begin PBXGroup section */
		2E6EF6F41BC1F7E30052BA4C = {
			isa = PBXGroup;
			children = (
				2E6EF6FF1BC1F7E30052BA4C /* Baccarat Math */,
				2E6EF6FE1BC1F7E30052BA4C /* Products */,
			);
			sourceTree = "<group>";
		};
		2E6EF6FE1BC1F7E30052BA4C /* Products */ = {
			isa = PBXGroup;
			children = (
				2E6EF6FD1BC1F7E30052BA4C /* Baccarat Math */,
			);
			name = Products;
			sourceTree = "<group>";
		};
		2E6EF6FF1BC1F7E30052BA4C /* Baccarat Math */ = {
			isa = PBXGroup;
			children = (
				2E6EF7001BC1F7E30052BA4C /* main.cpp */,
				2E6EF7071BC202B50052BA4C /* Bonus.cpp */,
				2E6EF7081BC202B50052BA4C /* Bonus.hpp */,
				2E9EC1EE1BC768C9002AD2D8 /* Global_Functions.cpp */,
				2E9EC1EF1BC768C9002AD2D8 /* Global_Functions.hpp */,
				2E4FBDCE1BD47EF7005B706B /* Stats.hpp */,
				2E4FBDCD1BD47EF7005B706B /* Stats.cpp */,
				2E4FBDD01BD4D37B005B706B /* bonusStat.cpp */,
				2E4FBDD11BD4D37B005B706B /* bonusStat.hpp */,
				2E6EF70B1BC22A9E0052BA4C /* Question.hpp */,
				2E6EF70A1BC22A9E0052BA4C /* Question.cpp */,
			);
			path = "Baccarat Math";
			sourceTree = "<group>";
		};
/* End PBXGroup section */

/* Begin PBXNativeTarget section */
		2E6EF6FC1BC1F7E30052BA4C /* Baccarat Math */ = {
			isa = PBXNativeTarget;
			buildConfigurationList = 2E6EF7041BC1F7E30052BA4C /* Build configuration list for PBXNativeTarget "Baccarat Math" */;
			buildPhases = (
				2E6EF6F91BC1F7E30052BA4C /* Sources */,
				2E6EF6FA1BC1F7E30052BA4C /* Frameworks */,
				2E6EF6FB1BC1F7E30052BA4C /* CopyFiles */,
			);
			buildRules = (
			);
			dependencies = (
			);
			name = "Baccarat Math";
			productName = "Baccarat Math";
			productReference = 2E6EF6FD1BC1F7E30052BA4C /* Baccarat Math */;
			productType = "com.apple.product-type.tool";
		};
/* End PBXNativeTarget section */

/* Begin PBXProject section */
		2E6EF6F51BC1F7E30052BA4C /* Project object */ = {
			isa = PBXProject;
			attributes = {
				LastUpgradeCheck = 0700;
				ORGANIZATIONNAME = "Cameron K";
				TargetAttributes = {
					2E6EF6FC1BC1F7E30052BA4C = {
						CreatedOnToolsVersion = 7.0;
					};
				};
			};
			buildConfigurationList = 2E6EF6F81BC1F7E30052BA4C /* Build configuration list for PBXProject "Baccarat Math" */;
			compatibilityVersion = "Xcode 3.2";
			developmentRegion = English;
			hasScannedForEncodings = 0;
			knownRegions = (
				en,
			);
			mainGroup = 2E6EF6F41BC1F7E30052BA4C;
			productRefGroup = 2E6EF6FE1BC1F7E30052BA4C /* Products */;
			projectDirPath = "";
			projectRoot = "";
			targets = (
				2E6EF6FC1BC1F7E30052BA4C /* Baccarat Math */,
			);
		};
/* End PBXProject section */

/* Begin PBXSourcesBuildPhase section */
		2E6EF6F91BC1F7E30052BA4C /* Sources */ = {
			isa = PBXSourcesBuildPhase;
			buildActionMask = 2147483647;
			files = (
				2E6EF7011BC1F7E30052BA4C /* main.cpp in Sources */,
				2E4FBDD21BD4D37B005B706B /* bonusStat.cpp in Sources */,
				2E6EF70C1BC22A9E0052BA4C /* Question.cpp in Sources */,
				2E9EC1F01BC768C9002AD2D8 /* Global_Functions.cpp in Sources */,
				2E6EF7091BC202B50052BA4C /* Bonus.cpp in Sources */,
				2E4FBDCF1BD47EF7005B706B /* Stats.cpp in Sources */,
			);
			runOnlyForDeploymentPostprocessing = 0;
		};
/* End PBXSourcesBuildPhase section */

/* Begin XCBuildConfiguration section */
		2E6EF7021BC1F7E30052BA4C /* Debug */ = {
			isa = XCBuildConfiguration;
			buildSettings = {
				ALWAYS_SEARCH_USER_PATHS = NO;
				CLANG_CXX_LANGUAGE_STANDARD = "gnu++0x";
				CLANG_CXX_LIBRARY = "libc++";
				CLANG_ENABLE_MODULES = YES;
				CLANG_ENABLE_OBJC_ARC = YES;
				CLANG_WARN_BOOL_CONVERSION = YES;
				CLANG_WARN_CONSTANT_CONVERSION = YES;
				CLANG_WARN_DIRECT_OBJC_ISA_USAGE = YES_ERROR;
				CLANG_WARN_EMPTY_BODY = YES;
				CLANG_WARN_ENUM_CONVERSION = YES;
				CLANG_WARN_INT_CONVERSION = YES;
				CLANG_WARN_OBJC_ROOT_CLASS = YES_ERROR;
				CLANG_WARN_UNREACHABLE_CODE = YES;
				CLANG_WARN__DUPLICATE_METHOD_MATCH = YES;
				COPY_PHASE_STRIP = NO;
				DEBUG_INFORMATION_FORMAT = dwarf;
				ENABLE_STRICT_OBJC_MSGSEND = YES;
				ENABLE_TESTABILITY = YES;
				GCC_C_LANGUAGE_STANDARD = gnu99;
				GCC_DYNAMIC_NO_PIC = NO;
				GCC_NO_COMMON_BLOCKS = YES;
				GCC_OPTIMIZATION_LEVEL = 0;
				GCC_PREPROCESSOR_DEFINITIONS = (
					"DEBUG=1",
					"$(inherited)",
				);
				GCC_WARN_64_TO_32_BIT_CONVERSION = YES;
				GCC_WARN_ABOUT_RETURN_TYPE = YES_ERROR;
				GCC_WARN_UNDECLARED_SELECTOR = YES;
				GCC_WARN_UNINITIALIZED_AUTOS = YES_AGGRESSIVE;
				GCC_WARN_UNUSED_FUNCTION = YES;
				GCC_WARN_UNUSED_VARIABLE = YES;
				MACOSX_DEPLOYMENT_TARGET = 10.7;
				MTL_ENABLE_DEBUG_INFO = YES;
				ONLY_ACTIVE_ARCH = YES;
				SDKROOT = macosx;
			};
			name = Debug;
		};
		2E6EF7031BC1F7E30052BA4C /* Release */ = {
			isa = XCBuildConfiguration;
			buildSettings = {
				ALWAYS_SEARCH_USER_PATHS = NO;
				CLANG_CXX_LANGUAGE_STANDARD = "gnu++0x";
				CLANG_CXX_LIBRARY = "libc++";
				CLANG_ENABLE_MODULES = YES;
				CLANG_ENABLE_OBJC_ARC = YES;
				CLANG_WARN_BOOL_CONVERSION = YES;
				CLANG_WARN_CONSTANT_CONVERSION = YES;
				CLANG_WARN_DIRECT_OBJC_ISA_USAGE = YES_ERROR;
				CLANG_WARN_EMPTY_BODY = YES;
				CLANG_WARN_ENUM_CONVERSION = YES;
				CLANG_WARN_INT_CONVERSION = YES;
				CLANG_WARN_OBJC_ROOT_CLASS = YES_ERROR;
				CLANG_WARN_UNREACHABLE_CODE = YES;
				CLANG_WARN__DUPLICATE_METHOD_MATCH = YES;
				COPY_PHASE_STRIP = NO;
				DEBUG_INFORMATION_FORMAT = "dwarf-with-dsym";
				ENABLE_NS_ASSERTIONS = NO;
				ENABLE_STRICT_OBJC_MSGSEND = YES;
				GCC_C_LANGUAGE_STANDARD = gnu99;
				GCC_NO_COMMON_BLOCKS = YES;
				GCC_WARN_64_TO_32_BIT_CONVERSION = YES;
				GCC_WARN_ABOUT_RETURN_TYPE = YES_ERROR;
				GCC_WARN_UNDECLARED_SELECTOR = YES;
				GCC_WARN_UNINITIALIZED_AUTOS = YES_AGGRESSIVE;
				GCC_WARN_UNUSED_FUNCTION = YES;
				GCC_WARN_UNUSED_VARIABLE = YES;
				MACOSX_DEPLOYMENT_TARGET = 10.7;
				MTL_ENABLE_DEBUG_INFO = NO;
				SDKROOT = macosx;
			};
			name = Release;
		};
		2E6EF7051BC1F7E30052BA4C /* Debug */ = {
			isa = XCBuildConfiguration;
			buildSettings = {
				PRODUCT_NAME = "$(TARGET_NAME)";
			};
			name = Debug;
		};
		2E6EF7061BC1F7E30052BA4C /* Release */ = {
			isa = XCBuildConfiguration;
			buildSettings = {
				PRODUCT_NAME = "$(TARGET_NAME)";
			};
			name = Release;
		};
/* End XCBuildConfiguration section */

/* Begin XCConfigurationList section */
		2E6EF6F81BC1F7E30052BA4C /* Build configuration list for PBXProject "Baccarat Math" */ = {
			isa = XCConfigurationList;
			buildConfigurations = (
				2E6EF7021BC1F7E30052BA4C /* Debug */,
				2E6EF7031BC1F7E30052BA4C /* Release */,
			);
			defaultConfigurationIsVisible = 0;
			defaultConfigurationName = Release;
		};
		2E6EF7041BC1F7E30052BA4C /* Build configuration list for PBXNativeTarget "Baccarat Math" */ = {
			isa = XCConfigurationList;
			buildConfigurations = (
				2E6EF7051BC1F7E30052BA4C /* Debug */,
				2E6EF7061BC1F7E30052BA4C /* Release */,
			);
			defaultConfigurationIsVisible = 0;
			defaultConfigurationName = Release;
		};
/* End XCConfigurationList section */
	};
	rootObject = 2E6EF6F51BC1F7E30052BA4C /* Project object */;
}
